
Microsoft Visual Studio Solution File, Format Version 12.00
# Visual Studio Version 16
VisualStudioVersion = 16.0.33927.289
MinimumVisualStudioVersion = 10.0.40219.1
Project("{2150E333-8FDC-42A3-9474-1A3956D46DE8}") = "task0", "task0", "{22BB4A7A-CE74-47A6-AC90-4BBC42574DB9}"
EndProject
Project("{FAE04EC0-301F-11D3-BF4B-00C04F79EFBC}") = "Tyuiu.GurevskayaVE.Sprint6.Task0.V23.Test", "Tyuiu.GurevskayaVE.Sprint6.Task0.V23.Test\Tyuiu.GurevskayaVE.Sprint6.Task0.V23.Test.csproj", "{35049F24-8F36-4C0B-B734-45C6DD30446B}"
EndProject
Project("{FAE04EC0-301F-11D3-BF4B-00C04F79EFBC}") = "Tyuiu.GurevskayaVE.Sprint6.Task0.V23.Lib", "Tyuiu.GurevskayaVE.Sprint6.Task0.V23.Lib\Tyuiu.GurevskayaVE.Sprint6.Task0.V23.Lib.csproj", "{9C31EFE0-0024-4C3F-9121-037396951A85}"
EndProject
Project("{FAE04EC0-301F-11D3-BF4B-00C04F79EFBC}") = "Tyuiu.GurevskayaVE.Sprint6.Task0.V23", "Tyuiu.GurevskayaVE.Sprint6.Task0.V23\Tyuiu.GurevskayaVE.Sprint6.Task0.V23.csproj", "{AEA35F46-2A80-4B58-A49F-04CCFA7A64D4}"
EndProject
Project("{2150E333-8FDC-42A3-9474-1A3956D46DE8}") = "task1", "task1", "{3A4F935A-028F-4E07-B076-F702CF438DEE}"
EndProject
Project("{FAE04EC0-301F-11D3-BF4B-00C04F79EFBC}") = "Tyuiu.GurevskayaVE.Sprint6.Task1.V6.Test", "Tyuiu.GurevskayaVE.Sprint6.Task1.V6.Test\Tyuiu.GurevskayaVE.Sprint6.Task1.V6.Test.csproj", "{B275014F-692A-4CB6-8CF8-ED20C05B95DE}"
EndProject
Project("{FAE04EC0-301F-11D3-BF4B-00C04F79EFBC}") = "Tyuiu.GurevskayaVE.Sprint6.Task1.V6.Lib", "Tyuiu.GurevskayaVE.Sprint6.Task1.V6.Lib\Tyuiu.GurevskayaVE.Sprint6.Task1.V6.Lib.csproj", "{814956EA-D47B-4B68-A595-09C1AFDFA53E}"
EndProject
Project("{FAE04EC0-301F-11D3-BF4B-00C04F79EFBC}") = "Tyuiu.GurevskayaVE.Sprint6.Task1.V6", "Tyuiu.GurevskayaVE.Sprint6.Task1.V6\Tyuiu.GurevskayaVE.Sprint6.Task1.V6.csproj", "{F542B337-7F27-495E-9457-FB9E406C57C6}"
EndProject
Project("{2150E333-8FDC-42A3-9474-1A3956D46DE8}") = "task2", "task2", "{483B726B-0815-41B1-9C1C-93175D99128A}"
EndProject
Project("{FAE04EC0-301F-11D3-BF4B-00C04F79EFBC}") = "Tyuiu.GurevskayaVE.Sprint6.Task2.V11.Lib", "Tyuiu.GurevskayaVE.Sprint6.Task2.V11.Lib\Tyuiu.GurevskayaVE.Sprint6.Task2.V11.Lib.csproj", "{02D7D308-75D6-4476-899B-0376CF8E094A}"
EndProject
Project("{FAE04EC0-301F-11D3-BF4B-00C04F79EFBC}") = "Tyuiu.GurevskayaVE.Sprint6.Task2.V11.Test", "Tyuiu.GurevskayaVE.Sprint6.Task2.V11.Test\Tyuiu.GurevskayaVE.Sprint6.Task2.V11.Test.csproj", "{F7715104-D0F2-4424-AEF4-F05ED039112E}"
EndProject
Project("{FAE04EC0-301F-11D3-BF4B-00C04F79EFBC}") = "Tyuiu.GurevskayaVE.Sprint6.Task2.V11", "Tyuiu.GurevskayaVE.Sprint6.Task2.V11\Tyuiu.GurevskayaVE.Sprint6.Task2.V11.csproj", "{E6DF2085-9557-4405-AFDB-A631402EF554}"
EndProject
Project("{2150E333-8FDC-42A3-9474-1A3956D46DE8}") = "task3", "task3", "{3B5EBFB7-6FC9-488F-8CA7-3BF4E601AD31}"
EndProject
Project("{FAE04EC0-301F-11D3-BF4B-00C04F79EFBC}") = "Tyuiu.GurevskayaVE.Sprint6.Task3.V4.Lib", "Tyuiu.GurevskayaVE.Sprint6.Task3.V4.Lib\Tyuiu.GurevskayaVE.Sprint6.Task3.V4.Lib.csproj", "{1B655F0B-C611-453B-B33D-81862C1F1055}"
EndProject
Project("{FAE04EC0-301F-11D3-BF4B-00C04F79EFBC}") = "Tyuiu.GurevskayaVE.Sprint6.Task3.V4.Test", "Tyuiu.GurevskayaVE.Sprint6.Task3.V4.Test\Tyuiu.GurevskayaVE.Sprint6.Task3.V4.Test.csproj", "{E80908ED-3017-4670-BB7B-849627AB9FCD}"
EndProject
Project("{FAE04EC0-301F-11D3-BF4B-00C04F79EFBC}") = "Tyuiu.GurevskayaVE.Sprint6.Task3.V4", "Tyuiu.GurevskayaVE.Sprint6.Task3.V4\Tyuiu.GurevskayaVE.Sprint6.Task3.V4.csproj", "{9A8676BA-36F2-461B-A09F-C097AFB1EE27}"
EndProject
Project("{2150E333-8FDC-42A3-9474-1A3956D46DE8}") = "task4", "task4", "{4D7619C3-2A18-4302-BD13-63730B4E0CB4}"
EndProject
Project("{FAE04EC0-301F-11D3-BF4B-00C04F79EFBC}") = "Tyuiu.GurevskayaVE.Sprint6.Task4.V20", "Tyuiu.GurevskayaVE.Sprint6.Task4.V20\Tyuiu.GurevskayaVE.Sprint6.Task4.V20.csproj", "{B166E110-C6E6-480E-978D-D8C2E6231984}"
EndProject
Project("{FAE04EC0-301F-11D3-BF4B-00C04F79EFBC}") = "Tyuiu.GurevskayaVE.Sprint6.Task4.V20.Lib", "Tyuiu.GurevskayaVE.Sprint6.Task4.V20.Lib\Tyuiu.GurevskayaVE.Sprint6.Task4.V20.Lib.csproj", "{35B99DF4-CCAD-408A-A57C-A5FB5E52EC71}"
EndProject
Project("{FAE04EC0-301F-11D3-BF4B-00C04F79EFBC}") = "Tyuiu.GurevskayaVE.Sprint6.Task4.V20.Test", "Tyuiu.GurevskayaVE.Sprint6.Task4.V20.Test\Tyuiu.GurevskayaVE.Sprint6.Task4.V20.Test.csproj", "{CFAF1DCE-B1F7-452E-83E6-3C381BD40684}"
EndProject
Global
	GlobalSection(SolutionConfigurationPlatforms) = preSolution
		Debug|Any CPU = Debug|Any CPU
		Release|Any CPU = Release|Any CPU
	EndGlobalSection
	GlobalSection(ProjectConfigurationPlatforms) = postSolution
		{35049F24-8F36-4C0B-B734-45C6DD30446B}.Debug|Any CPU.ActiveCfg = Debug|Any CPU
		{35049F24-8F36-4C0B-B734-45C6DD30446B}.Debug|Any CPU.Build.0 = Debug|Any CPU
		{35049F24-8F36-4C0B-B734-45C6DD30446B}.Release|Any CPU.ActiveCfg = Release|Any CPU
		{35049F24-8F36-4C0B-B734-45C6DD30446B}.Release|Any CPU.Build.0 = Release|Any CPU
		{9C31EFE0-0024-4C3F-9121-037396951A85}.Debug|Any CPU.ActiveCfg = Debug|Any CPU
		{9C31EFE0-0024-4C3F-9121-037396951A85}.Debug|Any CPU.Build.0 = Debug|Any CPU
		{9C31EFE0-0024-4C3F-9121-037396951A85}.Release|Any CPU.ActiveCfg = Release|Any CPU
		{9C31EFE0-0024-4C3F-9121-037396951A85}.Release|Any CPU.Build.0 = Release|Any CPU
		{AEA35F46-2A80-4B58-A49F-04CCFA7A64D4}.Debug|Any CPU.ActiveCfg = Debug|Any CPU
		{AEA35F46-2A80-4B58-A49F-04CCFA7A64D4}.Debug|Any CPU.Build.0 = Debug|Any CPU
		{AEA35F46-2A80-4B58-A49F-04CCFA7A64D4}.Release|Any CPU.ActiveCfg = Release|Any CPU
		{AEA35F46-2A80-4B58-A49F-04CCFA7A64D4}.Release|Any CPU.Build.0 = Release|Any CPU
		{B275014F-692A-4CB6-8CF8-ED20C05B95DE}.Debug|Any CPU.ActiveCfg = Debug|Any CPU
		{B275014F-692A-4CB6-8CF8-ED20C05B95DE}.Debug|Any CPU.Build.0 = Debug|Any CPU
		{B275014F-692A-4CB6-8CF8-ED20C05B95DE}.Release|Any CPU.ActiveCfg = Release|Any CPU
		{B275014F-692A-4CB6-8CF8-ED20C05B95DE}.Release|Any CPU.Build.0 = Release|Any CPU
		{814956EA-D47B-4B68-A595-09C1AFDFA53E}.Debug|Any CPU.ActiveCfg = Debug|Any CPU
		{814956EA-D47B-4B68-A595-09C1AFDFA53E}.Debug|Any CPU.Build.0 = Debug|Any CPU
		{814956EA-D47B-4B68-A595-09C1AFDFA53E}.Release|Any CPU.ActiveCfg = Release|Any CPU
		{814956EA-D47B-4B68-A595-09C1AFDFA53E}.Release|Any CPU.Build.0 = Release|Any CPU
		{F542B337-7F27-495E-9457-FB9E406C57C6}.Debug|Any CPU.ActiveCfg = Debug|Any CPU
		{F542B337-7F27-495E-9457-FB9E406C57C6}.Debug|Any CPU.Build.0 = Debug|Any CPU
		{F542B337-7F27-495E-9457-FB9E406C57C6}.Release|Any CPU.ActiveCfg = Release|Any CPU
		{F542B337-7F27-495E-9457-FB9E406C57C6}.Release|Any CPU.Build.0 = Release|Any CPU
		{02D7D308-75D6-4476-899B-0376CF8E094A}.Debug|Any CPU.ActiveCfg = Debug|Any CPU
		{02D7D308-75D6-4476-899B-0376CF8E094A}.Debug|Any CPU.Build.0 = Debug|Any CPU
		{02D7D308-75D6-4476-899B-0376CF8E094A}.Release|Any CPU.ActiveCfg = Release|Any CPU
		{02D7D308-75D6-4476-899B-0376CF8E094A}.Release|Any CPU.Build.0 = Release|Any CPU
		{F7715104-D0F2-4424-AEF4-F05ED039112E}.Debug|Any CPU.ActiveCfg = Debug|Any CPU
		{F7715104-D0F2-4424-AEF4-F05ED039112E}.Debug|Any CPU.Build.0 = Debug|Any CPU
		{F7715104-D0F2-4424-AEF4-F05ED039112E}.Release|Any CPU.ActiveCfg = Release|Any CPU
		{F7715104-D0F2-4424-AEF4-F05ED039112E}.Release|Any CPU.Build.0 = Release|Any CPU
		{E6DF2085-9557-4405-AFDB-A631402EF554}.Debug|Any CPU.ActiveCfg = Debug|Any CPU
		{E6DF2085-9557-4405-AFDB-A631402EF554}.Debug|Any CPU.Build.0 = Debug|Any CPU
		{E6DF2085-9557-4405-AFDB-A631402EF554}.Release|Any CPU.ActiveCfg = Release|Any CPU
		{E6DF2085-9557-4405-AFDB-A631402EF554}.Release|Any CPU.Build.0 = Release|Any CPU
		{1B655F0B-C611-453B-B33D-81862C1F1055}.Debug|Any CPU.ActiveCfg = Debug|Any CPU
		{1B655F0B-C611-453B-B33D-81862C1F1055}.Debug|Any CPU.Build.0 = Debug|Any CPU
		{1B655F0B-C611-453B-B33D-81862C1F1055}.Release|Any CPU.ActiveCfg = Release|Any CPU
		{1B655F0B-C611-453B-B33D-81862C1F1055}.Release|Any CPU.Build.0 = Release|Any CPU
		{E80908ED-3017-4670-BB7B-849627AB9FCD}.Debug|Any CPU.ActiveCfg = Debug|Any CPU
		{E80908ED-3017-4670-BB7B-849627AB9FCD}.Debug|Any CPU.Build.0 = Debug|Any CPU
		{E80908ED-3017-4670-BB7B-849627AB9FCD}.Release|Any CPU.ActiveCfg = Release|Any CPU
		{E80908ED-3017-4670-BB7B-849627AB9FCD}.Release|Any CPU.Build.0 = Release|Any CPU
		{9A8676BA-36F2-461B-A09F-C097AFB1EE27}.Debug|Any CPU.ActiveCfg = Debug|Any CPU
		{9A8676BA-36F2-461B-A09F-C097AFB1EE27}.Debug|Any CPU.Build.0 = Debug|Any CPU
		{9A8676BA-36F2-461B-A09F-C097AFB1EE27}.Release|Any CPU.ActiveCfg = Release|Any CPU
		{9A8676BA-36F2-461B-A09F-C097AFB1EE27}.Release|Any CPU.Build.0 = Release|Any CPU
		{B166E110-C6E6-480E-978D-D8C2E6231984}.Debug|Any CPU.ActiveCfg = Debug|Any CPU
		{B166E110-C6E6-480E-978D-D8C2E6231984}.Debug|Any CPU.Build.0 = Debug|Any CPU
		{B166E110-C6E6-480E-978D-D8C2E6231984}.Release|Any CPU.ActiveCfg = Release|Any CPU
		{B166E110-C6E6-480E-978D-D8C2E6231984}.Release|Any CPU.Build.0 = Release|Any CPU
		{35B99DF4-CCAD-408A-A57C-A5FB5E52EC71}.Debug|Any CPU.ActiveCfg = Debug|Any CPU
		{35B99DF4-CCAD-408A-A57C-A5FB5E52EC71}.Debug|Any CPU.Build.0 = Debug|Any CPU
		{35B99DF4-CCAD-408A-A57C-A5FB5E52EC71}.Release|Any CPU.ActiveCfg = Release|Any CPU
		{35B99DF4-CCAD-408A-A57C-A5FB5E52EC71}.Release|Any CPU.Build.0 = Release|Any CPU
		{CFAF1DCE-B1F7-452E-83E6-3C381BD40684}.Debug|Any CPU.ActiveCfg = Debug|Any CPU
		{CFAF1DCE-B1F7-452E-83E6-3C381BD40684}.Debug|Any CPU.Build.0 = Debug|Any CPU
		{CFAF1DCE-B1F7-452E-83E6-3C381BD40684}.Release|Any CPU.ActiveCfg = Release|Any CPU
		{CFAF1DCE-B1F7-452E-83E6-3C381BD40684}.Release|Any CPU.Build.0 = Release|Any CPU
	EndGlobalSection
	GlobalSection(SolutionProperties) = preSolution
		HideSolutionNode = FALSE
	EndGlobalSection
	GlobalSection(NestedProjects) = preSolution
		{35049F24-8F36-4C0B-B734-45C6DD30446B} = {22BB4A7A-CE74-47A6-AC90-4BBC42574DB9}
		{9C31EFE0-0024-4C3F-9121-037396951A85} = {22BB4A7A-CE74-47A6-AC90-4BBC42574DB9}
		{AEA35F46-2A80-4B58-A49F-04CCFA7A64D4} = {22BB4A7A-CE74-47A6-AC90-4BBC42574DB9}
		{B275014F-692A-4CB6-8CF8-ED20C05B95DE} = {3A4F935A-028F-4E07-B076-F702CF438DEE}
		{814956EA-D47B-4B68-A595-09C1AFDFA53E} = {3A4F935A-028F-4E07-B076-F702CF438DEE}
		{F542B337-7F27-495E-9457-FB9E406C57C6} = {3A4F935A-028F-4E07-B076-F702CF438DEE}
		{02D7D308-75D6-4476-899B-0376CF8E094A} = {483B726B-0815-41B1-9C1C-93175D99128A}
		{F7715104-D0F2-4424-AEF4-F05ED039112E} = {483B726B-0815-41B1-9C1C-93175D99128A}
		{E6DF2085-9557-4405-AFDB-A631402EF554} = {483B726B-0815-41B1-9C1C-93175D99128A}
		{1B655F0B-C611-453B-B33D-81862C1F1055} = {3B5EBFB7-6FC9-488F-8CA7-3BF4E601AD31}
		{E80908ED-3017-4670-BB7B-849627AB9FCD} = {3B5EBFB7-6FC9-488F-8CA7-3BF4E601AD31}
		{9A8676BA-36F2-461B-A09F-C097AFB1EE27} = {3B5EBFB7-6FC9-488F-8CA7-3BF4E601AD31}
		{B166E110-C6E6-480E-978D-D8C2E6231984} = {4D7619C3-2A18-4302-BD13-63730B4E0CB4}
		{35B99DF4-CCAD-408A-A57C-A5FB5E52EC71} = {4D7619C3-2A18-4302-BD13-63730B4E0CB4}
		{CFAF1DCE-B1F7-452E-83E6-3C381BD40684} = {4D7619C3-2A18-4302-BD13-63730B4E0CB4}
	EndGlobalSection
	GlobalSection(ExtensibilityGlobals) = postSolution
		SolutionGuid = {8F3B05E3-025F-403F-9FE2-C4BADB521980}
	EndGlobalSection
EndGlobal
